// !$*UTF8*$!
{
	archiveVersion = 1;
	classes = {
	};
	objectVersion = 46;
	objects = {

/* Begin PBXBuildFile section */
		9213E743150557DC00C7E970 /* README.mdown in Resources */ = {isa = PBXBuildFile; fileRef = 9213E742150557DC00C7E970 /* README.mdown */; };
		9213E74615055BE400C7E970 /* Elizabeth_Stanton.png in Resources */ = {isa = PBXBuildFile; fileRef = 9213E74515055BE400C7E970 /* Elizabeth_Stanton.png */; };
		9213E751150608F400C7E970 /* HUWFlow.m in Sources */ = {isa = PBXBuildFile; fileRef = 9213E74B150608F400C7E970 /* HUWFlow.m */; };
		9213E752150608F400C7E970 /* HUWFlowDelegateWrapper.m in Sources */ = {isa = PBXBuildFile; fileRef = 9213E74E150608F400C7E970 /* HUWFlowDelegateWrapper.m */; };
		9213E753150608F400C7E970 /* HUWImageHelpers.m in Sources */ = {isa = PBXBuildFile; fileRef = 9213E750150608F400C7E970 /* HUWImageHelpers.m */; };
		92430C691500EBE5004A3E6F /* UIKit.framework in Frameworks */ = {isa = PBXBuildFile; fileRef = 92430C681500EBE5004A3E6F /* UIKit.framework */; };
		92430C6B1500EBE5004A3E6F /* Foundation.framework in Frameworks */ = {isa = PBXBuildFile; fileRef = 92430C6A1500EBE5004A3E6F /* Foundation.framework */; };
		92430C6D1500EBE5004A3E6F /* CoreGraphics.framework in Frameworks */ = {isa = PBXBuildFile; fileRef = 92430C6C1500EBE5004A3E6F /* CoreGraphics.framework */; };
		92430C731500EBE5004A3E6F /* InfoPlist.strings in Resources */ = {isa = PBXBuildFile; fileRef = 92430C711500EBE5004A3E6F /* InfoPlist.strings */; };
		92430C751500EBE5004A3E6F /* main.m in Sources */ = {isa = PBXBuildFile; fileRef = 92430C741500EBE5004A3E6F /* main.m */; };
		92430C791500EBE5004A3E6F /* HUWAppDelegate.m in Sources */ = {isa = PBXBuildFile; fileRef = 92430C781500EBE5004A3E6F /* HUWAppDelegate.m */; };
		92430C7C1500EBE5004A3E6F /* MainStoryboard.storyboard in Resources */ = {isa = PBXBuildFile; fileRef = 92430C7A1500EBE5004A3E6F /* MainStoryboard.storyboard */; };
		92430C7F1500EBE5004A3E6F /* HUWViewController.m in Sources */ = {isa = PBXBuildFile; fileRef = 92430C7E1500EBE5004A3E6F /* HUWViewController.m */; };
		92430C8E1500ECC1004A3E6F /* pic 001.jpg in Resources */ = {isa = PBXBuildFile; fileRef = 92430C861500ECC1004A3E6F /* pic 001.jpg */; };
		92430C8F1500ECC1004A3E6F /* pic 002.jpg in Resources */ = {isa = PBXBuildFile; fileRef = 92430C871500ECC1004A3E6F /* pic 002.jpg */; };
		92430C901500ECC1004A3E6F /* pic 003.jpg in Resources */ = {isa = PBXBuildFile; fileRef = 92430C881500ECC1004A3E6F /* pic 003.jpg */; };
		92430C911500ECC1004A3E6F /* pic 004.jpg in Resources */ = {isa = PBXBuildFile; fileRef = 92430C891500ECC1004A3E6F /* pic 004.jpg */; };
		92430C921500ECC1004A3E6F /* pic 005.jpg in Resources */ = {isa = PBXBuildFile; fileRef = 92430C8A1500ECC1004A3E6F /* pic 005.jpg */; };
		92430C931500ECC1004A3E6F /* pic 006.jpg in Resources */ = {isa = PBXBuildFile; fileRef = 92430C8B1500ECC1004A3E6F /* pic 006.jpg */; };
		92430C941500ECC1004A3E6F /* pic 007.jpg in Resources */ = {isa = PBXBuildFile; fileRef = 92430C8C1500ECC1004A3E6F /* pic 007.jpg */; };
		92430C951500ECC1004A3E6F /* pic 008.jpg in Resources */ = {isa = PBXBuildFile; fileRef = 92430C8D1500ECC1004A3E6F /* pic 008.jpg */; };
		92430C971500ECD4004A3E6F /* images.json in Resources */ = {isa = PBXBuildFile; fileRef = 92430C961500ECD4004A3E6F /* images.json */; };
		92430C9D1500F388004A3E6F /* QuartzCore.framework in Frameworks */ = {isa = PBXBuildFile; fileRef = 92430C9C1500F388004A3E6F /* QuartzCore.framework */; };
/* End PBXBuildFile section */

/* Begin PBXFileReference section */
		9213E742150557DC00C7E970 /* README.mdown */ = {isa = PBXFileReference; fileEncoding = 4; lastKnownFileType = text; path = README.mdown; sourceTree = "<group>"; };
		9213E74515055BE400C7E970 /* Elizabeth_Stanton.png */ = {isa = PBXFileReference; lastKnownFileType = image.png; path = Elizabeth_Stanton.png; sourceTree = "<group>"; };
		9213E74A150608F400C7E970 /* HUWFlow.h */ = {isa = PBXFileReference; fileEncoding = 4; lastKnownFileType = sourcecode.c.h; path = HUWFlow.h; sourceTree = "<group>"; };
		9213E74B150608F400C7E970 /* HUWFlow.m */ = {isa = PBXFileReference; fileEncoding = 4; lastKnownFileType = sourcecode.c.objc; path = HUWFlow.m; sourceTree = "<group>"; };
		9213E74C150608F400C7E970 /* HUWFlowDelegate.h */ = {isa = PBXFileReference; fileEncoding = 4; lastKnownFileType = sourcecode.c.h; path = HUWFlowDelegate.h; sourceTree = "<group>"; };
		9213E74D150608F400C7E970 /* HUWFlowDelegateWrapper.h */ = {isa = PBXFileReference; fileEncoding = 4; lastKnownFileType = sourcecode.c.h; path = HUWFlowDelegateWrapper.h; sourceTree = "<group>"; };
		9213E74E150608F400C7E970 /* HUWFlowDelegateWrapper.m */ = {isa = PBXFileReference; fileEncoding = 4; lastKnownFileType = sourcecode.c.objc; path = HUWFlowDelegateWrapper.m; sourceTree = "<group>"; };
		9213E74F150608F400C7E970 /* HUWImageHelpers.h */ = {isa = PBXFileReference; fileEncoding = 4; lastKnownFileType = sourcecode.c.h; path = HUWImageHelpers.h; sourceTree = "<group>"; };
		9213E750150608F400C7E970 /* HUWImageHelpers.m */ = {isa = PBXFileReference; fileEncoding = 4; lastKnownFileType = sourcecode.c.objc; path = HUWImageHelpers.m; sourceTree = "<group>"; };
		92430C641500EBE5004A3E6F /* Flow.app */ = {isa = PBXFileReference; explicitFileType = wrapper.application; includeInIndex = 0; path = Flow.app; sourceTree = BUILT_PRODUCTS_DIR; };
		92430C681500EBE5004A3E6F /* UIKit.framework */ = {isa = PBXFileReference; lastKnownFileType = wrapper.framework; name = UIKit.framework; path = System/Library/Frameworks/UIKit.framework; sourceTree = SDKROOT; };
		92430C6A1500EBE5004A3E6F /* Foundation.framework */ = {isa = PBXFileReference; lastKnownFileType = wrapper.framework; name = Foundation.framework; path = System/Library/Frameworks/Foundation.framework; sourceTree = SDKROOT; };
		92430C6C1500EBE5004A3E6F /* CoreGraphics.framework */ = {isa = PBXFileReference; lastKnownFileType = wrapper.framework; name = CoreGraphics.framework; path = System/Library/Frameworks/CoreGraphics.framework; sourceTree = SDKROOT; };
		92430C701500EBE5004A3E6F /* Flow-Info.plist */ = {isa = PBXFileReference; lastKnownFileType = text.plist.xml; path = "Flow-Info.plist"; sourceTree = "<group>"; };
		92430C721500EBE5004A3E6F /* en */ = {isa = PBXFileReference; lastKnownFileType = text.plist.strings; name = en; path = en.lproj/InfoPlist.strings; sourceTree = "<group>"; };
		92430C741500EBE5004A3E6F /* main.m */ = {isa = PBXFileReference; lastKnownFileType = sourcecode.c.objc; path = main.m; sourceTree = "<group>"; };
		92430C761500EBE5004A3E6F /* Flow-Prefix.pch */ = {isa = PBXFileReference; lastKnownFileType = sourcecode.c.h; path = "Flow-Prefix.pch"; sourceTree = "<group>"; };
		92430C771500EBE5004A3E6F /* HUWAppDelegate.h */ = {isa = PBXFileReference; lastKnownFileType = sourcecode.c.h; path = HUWAppDelegate.h; sourceTree = "<group>"; };
		92430C781500EBE5004A3E6F /* HUWAppDelegate.m */ = {isa = PBXFileReference; lastKnownFileType = sourcecode.c.objc; path = HUWAppDelegate.m; sourceTree = "<group>"; };
		92430C7B1500EBE5004A3E6F /* en */ = {isa = PBXFileReference; lastKnownFileType = file.storyboard; name = en; path = en.lproj/MainStoryboard.storyboard; sourceTree = "<group>"; };
		92430C7D1500EBE5004A3E6F /* HUWViewController.h */ = {isa = PBXFileReference; lastKnownFileType = sourcecode.c.h; path = HUWViewController.h; sourceTree = "<group>"; };
		92430C7E1500EBE5004A3E6F /* HUWViewController.m */ = {isa = PBXFileReference; lastKnownFileType = sourcecode.c.objc; path = HUWViewController.m; sourceTree = "<group>"; };
		92430C861500ECC1004A3E6F /* pic 001.jpg */ = {isa = PBXFileReference; lastKnownFileType = image.jpeg; path = "pic 001.jpg"; sourceTree = "<group>"; };
		92430C871500ECC1004A3E6F /* pic 002.jpg */ = {isa = PBXFileReference; lastKnownFileType = image.jpeg; path = "pic 002.jpg"; sourceTree = "<group>"; };
		92430C881500ECC1004A3E6F /* pic 003.jpg */ = {isa = PBXFileReference; lastKnownFileType = image.jpeg; path = "pic 003.jpg"; sourceTree = "<group>"; };
		92430C891500ECC1004A3E6F /* pic 004.jpg */ = {isa = PBXFileReference; lastKnownFileType = image.jpeg; path = "pic 004.jpg"; sourceTree = "<group>"; };
		92430C8A1500ECC1004A3E6F /* pic 005.jpg */ = {isa = PBXFileReference; lastKnownFileType = image.jpeg; path = "pic 005.jpg"; sourceTree = "<group>"; };
		92430C8B1500ECC1004A3E6F /* pic 006.jpg */ = {isa = PBXFileReference; lastKnownFileType = image.jpeg; path = "pic 006.jpg"; sourceTree = "<group>"; };
		92430C8C1500ECC1004A3E6F /* pic 007.jpg */ = {isa = PBXFileReference; lastKnownFileType = image.jpeg; path = "pic 007.jpg"; sourceTree = "<group>"; };
		92430C8D1500ECC1004A3E6F /* pic 008.jpg */ = {isa = PBXFileReference; lastKnownFileType = image.jpeg; path = "pic 008.jpg"; sourceTree = "<group>"; };
		92430C961500ECD4004A3E6F /* images.json */ = {isa = PBXFileReference; fileEncoding = 4; lastKnownFileType = text.json; path = images.json; sourceTree = "<group>"; };
		92430C9C1500F388004A3E6F /* QuartzCore.framework */ = {isa = PBXFileReference; lastKnownFileType = wrapper.framework; name = QuartzCore.framework; path = System/Library/Frameworks/QuartzCore.framework; sourceTree = SDKROOT; };
/* End PBXFileReference section */

/* Begin PBXFrameworksBuildPhase section */
		92430C611500EBE5004A3E6F /* Frameworks */ = {
			isa = PBXFrameworksBuildPhase;
			buildActionMask = 2147483647;
			files = (
				92430C9D1500F388004A3E6F /* QuartzCore.framework in Frameworks */,
				92430C691500EBE5004A3E6F /* UIKit.framework in Frameworks */,
				92430C6B1500EBE5004A3E6F /* Foundation.framework in Frameworks */,
				92430C6D1500EBE5004A3E6F /* CoreGraphics.framework in Frameworks */,
			);
			runOnlyForDeploymentPostprocessing = 0;
		};
/* End PBXFrameworksBuildPhase section */

/* Begin PBXGroup section */
		9213E749150608C200C7E970 /* HUWFlow */ = {
			isa = PBXGroup;
			children = (
				9213E74A150608F400C7E970 /* HUWFlow.h */,
				9213E74B150608F400C7E970 /* HUWFlow.m */,
				9213E74C150608F400C7E970 /* HUWFlowDelegate.h */,
				9213E74D150608F400C7E970 /* HUWFlowDelegateWrapper.h */,
				9213E74E150608F400C7E970 /* HUWFlowDelegateWrapper.m */,
				9213E74F150608F400C7E970 /* HUWImageHelpers.h */,
				9213E750150608F400C7E970 /* HUWImageHelpers.m */,
			);
			path = HUWFlow;
			sourceTree = "<group>";
		};
		92430C591500EBE5004A3E6F = {
			isa = PBXGroup;
			children = (
				9213E742150557DC00C7E970 /* README.mdown */,
				92430C851500ECC1004A3E6F /* pictures */,
				92430C6E1500EBE5004A3E6F /* Flow */,
				92430C671500EBE5004A3E6F /* Frameworks */,
				92430C651500EBE5004A3E6F /* Products */,
			);
			sourceTree = "<group>";
		};
		92430C651500EBE5004A3E6F /* Products */ = {
			isa = PBXGroup;
			children = (
				92430C641500EBE5004A3E6F /* Flow.app */,
			);
			name = Products;
			sourceTree = "<group>";
		};
		92430C671500EBE5004A3E6F /* Frameworks */ = {
			isa = PBXGroup;
			children = (
				92430C9C1500F388004A3E6F /* QuartzCore.framework */,
				92430C681500EBE5004A3E6F /* UIKit.framework */,
				92430C6A1500EBE5004A3E6F /* Foundation.framework */,
				92430C6C1500EBE5004A3E6F /* CoreGraphics.framework */,
			);
			name = Frameworks;
			sourceTree = "<group>";
		};
		92430C6E1500EBE5004A3E6F /* Flow */ = {
			isa = PBXGroup;
			children = (
				9213E749150608C200C7E970 /* HUWFlow */,
				92430C771500EBE5004A3E6F /* HUWAppDelegate.h */,
				92430C781500EBE5004A3E6F /* HUWAppDelegate.m */,
				92430C7A1500EBE5004A3E6F /* MainStoryboard.storyboard */,
				92430C7D1500EBE5004A3E6F /* HUWViewController.h */,
				92430C7E1500EBE5004A3E6F /* HUWViewController.m */,
				92430C6F1500EBE5004A3E6F /* Supporting Files */,
			);
			path = Flow;
			sourceTree = "<group>";
		};
		92430C6F1500EBE5004A3E6F /* Supporting Files */ = {
			isa = PBXGroup;
			children = (
				92430C701500EBE5004A3E6F /* Flow-Info.plist */,
				92430C711500EBE5004A3E6F /* InfoPlist.strings */,
				92430C741500EBE5004A3E6F /* main.m */,
				92430C761500EBE5004A3E6F /* Flow-Prefix.pch */,
			);
			name = "Supporting Files";
			sourceTree = "<group>";
		};
		92430C851500ECC1004A3E6F /* pictures */ = {
			isa = PBXGroup;
			children = (
				9213E74515055BE400C7E970 /* Elizabeth_Stanton.png */,
				92430C861500ECC1004A3E6F /* pic 001.jpg */,
				92430C871500ECC1004A3E6F /* pic 002.jpg */,
				92430C881500ECC1004A3E6F /* pic 003.jpg */,
				92430C891500ECC1004A3E6F /* pic 004.jpg */,
				92430C8A1500ECC1004A3E6F /* pic 005.jpg */,
				92430C8B1500ECC1004A3E6F /* pic 006.jpg */,
				92430C8C1500ECC1004A3E6F /* pic 007.jpg */,
				92430C8D1500ECC1004A3E6F /* pic 008.jpg */,
				92430C961500ECD4004A3E6F /* images.json */,
			);
			path = pictures;
			sourceTree = "<group>";
		};
/* End PBXGroup section */

/* Begin PBXNativeTarget section */
		92430C631500EBE5004A3E6F /* Flow */ = {
			isa = PBXNativeTarget;
			buildConfigurationList = 92430C821500EBE5004A3E6F /* Build configuration list for PBXNativeTarget "Flow" */;
			buildPhases = (
				92430C601500EBE5004A3E6F /* Sources */,
				92430C611500EBE5004A3E6F /* Frameworks */,
				92430C621500EBE5004A3E6F /* Resources */,
			);
			buildRules = (
			);
			dependencies = (
			);
			name = Flow;
			productName = Flow;
			productReference = 92430C641500EBE5004A3E6F /* Flow.app */;
			productType = "com.apple.product-type.application";
		};
/* End PBXNativeTarget section */

/* Begin PBXProject section */
		92430C5B1500EBE5004A3E6F /* Project object */ = {
			isa = PBXProject;
			attributes = {
				CLASSPREFIX = HUW;
				LastUpgradeCheck = 0430;
				ORGANIZATIONNAME = "Hugo Wetterberg";
			};
			buildConfigurationList = 92430C5E1500EBE5004A3E6F /* Build configuration list for PBXProject "Flow" */;
			compatibilityVersion = "Xcode 3.2";
			developmentRegion = English;
			hasScannedForEncodings = 0;
			knownRegions = (
				en,
			);
			mainGroup = 92430C591500EBE5004A3E6F;
			productRefGroup = 92430C651500EBE5004A3E6F /* Products */;
			projectDirPath = "";
			projectRoot = "";
			targets = (
				92430C631500EBE5004A3E6F /* Flow */,
			);
		};
/* End PBXProject section */

/* Begin PBXResourcesBuildPhase section */
		92430C621500EBE5004A3E6F /* Resources */ = {
			isa = PBXResourcesBuildPhase;
			buildActionMask = 2147483647;
			files = (
				92430C731500EBE5004A3E6F /* InfoPlist.strings in Resources */,
				92430C7C1500EBE5004A3E6F /* MainStoryboard.storyboard in Resources */,
				92430C8E1500ECC1004A3E6F /* pic 001.jpg in Resources */,
				92430C8F1500ECC1004A3E6F /* pic 002.jpg in Resources */,
				92430C901500ECC1004A3E6F /* pic 003.jpg in Resources */,
				92430C911500ECC1004A3E6F /* pic 004.jpg in Resources */,
				92430C921500ECC1004A3E6F /* pic 005.jpg in Resources */,
				92430C931500ECC1004A3E6F /* pic 006.jpg in Resources */,
				92430C941500ECC1004A3E6F /* pic 007.jpg in Resources */,
				92430C951500ECC1004A3E6F /* pic 008.jpg in Resources */,
				92430C971500ECD4004A3E6F /* images.json in Resources */,
				9213E743150557DC00C7E970 /* README.mdown in Resources */,
				9213E74615055BE400C7E970 /* Elizabeth_Stanton.png in Resources */,
			);
			runOnlyForDeploymentPostprocessing = 0;
		};
/* End PBXResourcesBuildPhase section */

/* Begin PBXSourcesBuildPhase section */
		92430C601500EBE5004A3E6F /* Sources */ = {
			isa = PBXSourcesBuildPhase;
			buildActionMask = 2147483647;
			files = (
				92430C751500EBE5004A3E6F /* main.m in Sources */,
				92430C791500EBE5004A3E6F /* HUWAppDelegate.m in Sources */,
				92430C7F1500EBE5004A3E6F /* HUWViewController.m in Sources */,
				9213E751150608F400C7E970 /* HUWFlow.m in Sources */,
				9213E752150608F400C7E970 /* HUWFlowDelegateWrapper.m in Sources */,
				9213E753150608F400C7E970 /* HUWImageHelpers.m in Sources */,
			);
			runOnlyForDeploymentPostprocessing = 0;
		};
/* End PBXSourcesBuildPhase section */

/* Begin PBXVariantGroup section */
		92430C711500EBE5004A3E6F /* InfoPlist.strings */ = {
			isa = PBXVariantGroup;
			children = (
				92430C721500EBE5004A3E6F /* en */,
			);
			name = InfoPlist.strings;
			sourceTree = "<group>";
		};
		92430C7A1500EBE5004A3E6F /* MainStoryboard.storyboard */ = {
			isa = PBXVariantGroup;
			children = (
				92430C7B1500EBE5004A3E6F /* en */,
			);
			name = MainStoryboard.storyboard;
			sourceTree = "<group>";
		};
/* End PBXVariantGroup section */

/* Begin XCBuildConfiguration section */
		92430C801500EBE5004A3E6F /* Debug */ = {
			isa = XCBuildConfiguration;
			buildSettings = {
				ALWAYS_SEARCH_USER_PATHS = NO;
				ARCHS = "$(ARCHS_STANDARD_32_BIT)";
				CLANG_ENABLE_OBJC_ARC = YES;
				"CODE_SIGN_IDENTITY[sdk=iphoneos*]" = "iPhone Developer";
				COPY_PHASE_STRIP = NO;
				GCC_C_LANGUAGE_STANDARD = gnu99;
				GCC_DYNAMIC_NO_PIC = NO;
				GCC_OPTIMIZATION_LEVEL = 0;
				GCC_PREPROCESSOR_DEFINITIONS = (
					"DEBUG=1",
					"$(inherited)",
				);
				GCC_SYMBOLS_PRIVATE_EXTERN = NO;
				GCC_VERSION = com.apple.compilers.llvm.clang.1_0;
				GCC_WARN_ABOUT_RETURN_TYPE = YES;
				GCC_WARN_UNINITIALIZED_AUTOS = YES;
				GCC_WARN_UNUSED_VARIABLE = YES;
				IPHONEOS_DEPLOYMENT_TARGET = 5.0;
				SDKROOT = iphoneos;
			};
			name = Debug;
		};
		92430C811500EBE5004A3E6F /* Release */ = {
			isa = XCBuildConfiguration;
			buildSettings = {
				ALWAYS_SEARCH_USER_PATHS = NO;
				ARCHS = "$(ARCHS_STANDARD_32_BIT)";
				CLANG_ENABLE_OBJC_ARC = YES;
				"CODE_SIGN_IDENTITY[sdk=iphoneos*]" = "iPhone Developer";
				COPY_PHASE_STRIP = YES;
				GCC_C_LANGUAGE_STANDARD = gnu99;
				GCC_VERSION = com.apple.compilers.llvm.clang.1_0;
				GCC_WARN_ABOUT_RETURN_TYPE = YES;
				GCC_WARN_UNINITIALIZED_AUTOS = YES;
				GCC_WARN_UNUSED_VARIABLE = YES;
				IPHONEOS_DEPLOYMENT_TARGET = 5.0;
				OTHER_CFLAGS = "-DNS_BLOCK_ASSERTIONS=1";
				SDKROOT = iphoneos;
				VALIDATE_PRODUCT = YES;
			};
			name = Release;
		};
		92430C831500EBE5004A3E6F /* Debug */ = {
			isa = XCBuildConfiguration;
			buildSettings = {
				GCC_PRECOMPILE_PREFIX_HEADER = YES;
				GCC_PREFIX_HEADER = "Flow/Flow-Prefix.pch";
				INFOPLIST_FILE = "Flow/Flow-Info.plist";
				PRODUCT_NAME = "$(TARGET_NAME)";
				WRAPPER_EXTENSION = app;
			};
			name = Debug;
		};
		92430C841500EBE5004A3E6F /* Release */ = {
			isa = XCBuildConfiguration;
			buildSettings = {
				GCC_PRECOMPILE_PREFIX_HEADER = YES;
				GCC_PREFIX_HEADER = "Flow/Flow-Prefix.pch";
				INFOPLIST_FILE = "Flow/Flow-Info.plist";
				PRODUCT_NAME = "$(TARGET_NAME)";
				WRAPPER_EXTENSION = app;
			};
			name = Release;
		};
/* End XCBuildConfiguration section */

/* Begin XCConfigurationList section */
		92430C5E1500EBE5004A3E6F /* Build configuration list for PBXProject "Flow" */ = {
			isa = XCConfigurationList;
			buildConfigurations = (
				92430C801500EBE5004A3E6F /* Debug */,
				92430C811500EBE5004A3E6F /* Release */,
			);
			defaultConfigurationIsVisible = 0;
			defaultConfigurationName = Release;
		};
		92430C821500EBE5004A3E6F /* Build configuration list for PBXNativeTarget "Flow" */ = {
			isa = XCConfigurationList;
			buildConfigurations = (
				92430C831500EBE5004A3E6F /* Debug */,
				92430C841500EBE5004A3E6F /* Release */,
			);
			defaultConfigurationIsVisible = 0;
			defaultConfigurationName = Release;
		};
/* End XCConfigurationList section */
	};
	rootObject = 92430C5B1500EBE5004A3E6F /* Project object */;
}
